
Microsoft Visual Studio Solution File, Format Version 12.00
# Visual Studio Version 17
VisualStudioVersion = 17.2.32505.173
MinimumVisualStudioVersion = 10.0.40219.1
Project("{FAE04EC0-301F-11D3-BF4B-00C04F79EFBC}") = "Assignment1CRUD", "Assignment1CRUD\Assignment1CRUD.csproj", "{914D52B1-ECCB-4B74-BD6B-4E06AB665E12}"
EndProject
Project("{2150E333-8FDC-42A3-9474-1A3956D46DE8}") = "Solution Items", "Solution Items", "{44F95FC1-01B0-4E77-B33B-E0561EA9916B}"
EndProject
Global
	GlobalSection(SolutionConfigurationPlatforms) = preSolution
		Debug|Any CPU = Debug|Any CPU
		Release|Any CPU = Release|Any CPU
	EndGlobalSection
	GlobalSection(ProjectConfigurationPlatforms) = postSolution
		{914D52B1-ECCB-4B74-BD6B-4E06AB665E12}.Debug|Any CPU.ActiveCfg = Debug|Any CPU
		{914D52B1-ECCB-4B74-BD6B-4E06AB665E12}.Debug|Any CPU.Build.0 = Debug|Any CPU
		{914D52B1-ECCB-4B74-BD6B-4E06AB665E12}.Release|Any CPU.ActiveCfg = Release|Any CPU
		{914D52B1-ECCB-4B74-BD6B-4E06AB665E12}.Release|Any CPU.Build.0 = Release|Any CPU
	EndGlobalSection
	GlobalSection(SolutionProperties) = preSolution
		HideSolutionNode = FALSE
	EndGlobalSection
	GlobalSection(ExtensibilityGlobals) = postSolution
		SolutionGuid = {861F1C6B-29F8-4976-81B8-A1A7C7C0B572}
	EndGlobalSection
EndGlobal
